
Microsoft Visual Studio Solution File, Format Version 12.00
# Visual Studio Version 17
VisualStudioVersion = 17.7.34202.233
MinimumVisualStudioVersion = 10.0.40219.1
Project("{FAE04EC0-301F-11D3-BF4B-00C04F79EFBC}") = "Rahber", "Rahber\Rahber.csproj", "{8B9F0EA1-D1BD-478C-8B55-0761B63A682E}"
EndProject
Global
	GlobalSection(SolutionConfigurationPlatforms) = preSolution
		Debug|Any CPU = Debug|Any CPU
		Release|Any CPU = Release|Any CPU
	EndGlobalSection
	GlobalSection(ProjectConfigurationPlatforms) = postSolution
		{8B9F0EA1-D1BD-478C-8B55-0761B63A682E}.Debug|Any CPU.ActiveCfg = Debug|Any CPU
		{8B9F0EA1-D1BD-478C-8B55-0761B63A682E}.Debug|Any CPU.Build.0 = Debug|Any CPU
		{8B9F0EA1-D1BD-478C-8B55-0761B63A682E}.Release|Any CPU.ActiveCfg = Release|Any CPU
		{8B9F0EA1-D1BD-478C-8B55-0761B63A682E}.Release|Any CPU.Build.0 = Release|Any CPU
	EndGlobalSection
	GlobalSection(SolutionProperties) = preSolution
		HideSolutionNode = FALSE
	EndGlobalSection
	GlobalSection(ExtensibilityGlobals) = postSolution
		SolutionGuid = {C61ABC70-2451-4622-B74A-6262D5FDC100}
	EndGlobalSection
EndGlobal
