
Microsoft Visual Studio Solution File, Format Version 12.00
# Visual Studio Version 17
VisualStudioVersion = 17.7.34202.233
MinimumVisualStudioVersion = 10.0.40219.1
Project("{FAE04EC0-301F-11D3-BF4B-00C04F79EFBC}") = "TYPROJECT", "TYPROJECT\TYPROJECT.csproj", "{D495519A-9D86-4FC8-821C-4519DB13C9EE}"
EndProject
Global
	GlobalSection(SolutionConfigurationPlatforms) = preSolution
		Debug|Any CPU = Debug|Any CPU
		Release|Any CPU = Release|Any CPU
	EndGlobalSection
	GlobalSection(ProjectConfigurationPlatforms) = postSolution
		{D495519A-9D86-4FC8-821C-4519DB13C9EE}.Debug|Any CPU.ActiveCfg = Debug|Any CPU
		{D495519A-9D86-4FC8-821C-4519DB13C9EE}.Debug|Any CPU.Build.0 = Debug|Any CPU
		{D495519A-9D86-4FC8-821C-4519DB13C9EE}.Release|Any CPU.ActiveCfg = Release|Any CPU
		{D495519A-9D86-4FC8-821C-4519DB13C9EE}.Release|Any CPU.Build.0 = Release|Any CPU
	EndGlobalSection
	GlobalSection(SolutionProperties) = preSolution
		HideSolutionNode = FALSE
	EndGlobalSection
	GlobalSection(ExtensibilityGlobals) = postSolution
		SolutionGuid = {444A787D-72D1-4541-8CAE-BDEB3759C9C0}
	EndGlobalSection
EndGlobal
